
Microsoft Visual Studio Solution File, Format Version 12.00
# Visual Studio 15
VisualStudioVersion = 15.0.28307.645
MinimumVisualStudioVersion = 10.0.40219.1
Project("{FAE04EC0-301F-11D3-BF4B-00C04F79EFBC}") = "JewelryStore", "JewelryStore\JewelryStore.csproj", "{6C01817E-930A-463B-9CF2-801F461DD368}"
EndProject
Global
	GlobalSection(SolutionConfigurationPlatforms) = preSolution
		Debug|Any CPU = Debug|Any CPU
		Release|Any CPU = Release|Any CPU
	EndGlobalSection
	GlobalSection(ProjectConfigurationPlatforms) = postSolution
		{6C01817E-930A-463B-9CF2-801F461DD368}.Debug|Any CPU.ActiveCfg = Debug|Any CPU
		{6C01817E-930A-463B-9CF2-801F461DD368}.Debug|Any CPU.Build.0 = Debug|Any CPU
		{6C01817E-930A-463B-9CF2-801F461DD368}.Release|Any CPU.ActiveCfg = Release|Any CPU
		{6C01817E-930A-463B-9CF2-801F461DD368}.Release|Any CPU.Build.0 = Release|Any CPU
	EndGlobalSection
	GlobalSection(SolutionProperties) = preSolution
		HideSolutionNode = FALSE
	EndGlobalSection
	GlobalSection(ExtensibilityGlobals) = postSolution
		SolutionGuid = {51F99C2E-6F34-422A-9192-7246482B56E2}
	EndGlobalSection
EndGlobal
